{
	"name": "@washingtonpost/wpds-ui-kit",
	"version": "0.1.0-experimental.13",
	"lockfileVersion": 1,
	"requires": true,
	"dependencies": {
		"@napi-rs/triples": {
			"version": "1.1.0",
			"resolved": "https://registry.npmjs.org/@napi-rs/triples/-/triples-1.1.0.tgz",
			"integrity": "sha512-XQr74QaLeMiqhStEhLn1im9EOMnkypp7MZOwQhGzqp2Weu5eQJbpPxWxixxlYRKWPOmJjsk6qYfYH9kq43yc2w==",
			"dev": true
		},
		"@node-rs/helper": {
			"version": "1.3.0",
			"resolved": "https://registry.npmjs.org/@node-rs/helper/-/helper-1.3.0.tgz",
			"integrity": "sha512-KPS0EBA1bXtf96IL7wr5bFHxhL2KCZ6kI/hkyLG7nzEq2cDq8pJhOhcJDOLXIPh5J2LEJ5eXyjDTWDFg5eRypw==",
			"dev": true,
			"requires": {
				"@napi-rs/triples": "^1.1.0"
			}
		},
		"@nodelib/fs.scandir": {
			"version": "2.1.5",
			"resolved": "https://registry.npmjs.org/@nodelib/fs.scandir/-/fs.scandir-2.1.5.tgz",
			"integrity": "sha512-vq24Bq3ym5HEQm2NKCr3yXDwjc7vTsEThRDnkp2DK9p1uqLR+DHurm/NOTo0KG7HYHU7eppKZj3MyqYuMBf62g==",
			"dev": true,
			"requires": {
				"@nodelib/fs.stat": "2.0.5",
				"run-parallel": "^1.1.9"
			}
		},
		"@nodelib/fs.stat": {
			"version": "2.0.5",
			"resolved": "https://registry.npmjs.org/@nodelib/fs.stat/-/fs.stat-2.0.5.tgz",
			"integrity": "sha512-RkhPPp2zrqDAQA/2jNhnztcPAlv64XdhIp7a7454A5ovI7Bukxgt7MX7udwAu3zg1DcpPU0rz3VV1SeaqvY4+A==",
			"dev": true
		},
		"@nodelib/fs.walk": {
			"version": "1.2.8",
			"resolved": "https://registry.npmjs.org/@nodelib/fs.walk/-/fs.walk-1.2.8.tgz",
			"integrity": "sha512-oGB+UxlgWcgQkgwo8GcEGwemoTFt3FIO9ababBmaGwXIoBKZ+GTy0pP185beGg7Llih/NSHSV2XAs1lnznocSg==",
			"dev": true,
			"requires": {
				"@nodelib/fs.scandir": "2.1.5",
				"fastq": "^1.6.0"
			}
		},
		"@swc/cli": {
			"version": "0.1.55",
			"resolved": "https://registry.npmjs.org/@swc/cli/-/cli-0.1.55.tgz",
			"integrity": "sha512-akkLuRexFq8XTi6JNZ27mXD4wcKXLDSLj4g7YMU+/upFM8IeD1IEp1Mxtre7MzCZn+QOQgPF8N8IReJoHuSn3g==",
			"dev": true,
			"requires": {
				"commander": "^7.1.0",
				"fast-glob": "^3.2.5",
				"slash": "3.0.0",
				"source-map": "^0.7.3"
			}
		},
		"@swc/core": {
			"version": "1.2.122",
			"resolved": "https://registry.npmjs.org/@swc/core/-/core-1.2.122.tgz",
			"integrity": "sha512-RR2jpTnk9PBQ/aQkVInBfXszi+8OvvmTqFxUMIwvqjJioo0PrmLVgANdRKC1bcAk7yWkV6p51i40CUqigJ3vXw==",
			"dev": true,
			"requires": {
				"@node-rs/helper": "^1.0.0",
				"@swc/core-android-arm64": "^1.2.122",
				"@swc/core-darwin-arm64": "^1.2.122",
				"@swc/core-darwin-x64": "^1.2.122",
				"@swc/core-freebsd-x64": "^1.2.122",
				"@swc/core-linux-arm-gnueabihf": "^1.2.122",
				"@swc/core-linux-arm64-gnu": "^1.2.122",
				"@swc/core-linux-arm64-musl": "^1.2.122",
				"@swc/core-linux-x64-gnu": "^1.2.122",
				"@swc/core-linux-x64-musl": "^1.2.122",
				"@swc/core-win32-arm64-msvc": "^1.2.122",
				"@swc/core-win32-ia32-msvc": "^1.2.122",
				"@swc/core-win32-x64-msvc": "^1.2.122"
			}
		},
		"@swc/core-android-arm64": {
			"version": "1.2.122",
			"resolved": "https://registry.npmjs.org/@swc/core-android-arm64/-/core-android-arm64-1.2.122.tgz",
			"integrity": "sha512-AFaqKFa4jhjNGUUHMnj6mydCHVe1nIv/k8/12Fg7bpkYjtCSkXzEwowVi3/7lC7P5lZ7M7LSOyDTcQ/t+nj4wQ==",
			"dev": true,
			"optional": true
		},
		"@swc/core-darwin-arm64": {
			"version": "1.2.122",
			"resolved": "https://registry.npmjs.org/@swc/core-darwin-arm64/-/core-darwin-arm64-1.2.122.tgz",
			"integrity": "sha512-1TarC31X6/ZpiD32hWXD9u5CoWBeCRGBvcbEI7EvZH6JbbVLDz3CJcHh0TFTvfxACKtZBhkZDCSFXJ6sGmpvng==",
			"dev": true,
			"optional": true
		},
		"@swc/core-darwin-x64": {
			"version": "1.2.122",
			"resolved": "https://registry.npmjs.org/@swc/core-darwin-x64/-/core-darwin-x64-1.2.122.tgz",
			"integrity": "sha512-Cc/kFbAD830VmXt5xiEbkT0r7Gxn+ODokRNJubdF2ipwhE8razptXqy/w/iGFru3MuVvFFnp5lOHWiHoLT9Plg==",
			"dev": true,
			"optional": true
		},
		"@swc/core-freebsd-x64": {
			"version": "1.2.122",
			"resolved": "https://registry.npmjs.org/@swc/core-freebsd-x64/-/core-freebsd-x64-1.2.122.tgz",
			"integrity": "sha512-e3XSdsQn6FhVbsxsEp5jVJsDrBDoyHaXdAuzdZNFqNAFcOEEO4NWAWpgl8De8L0dV+6SajhrD0nwcG3FrvANbQ==",
			"dev": true,
			"optional": true
		},
		"@swc/core-linux-arm-gnueabihf": {
			"version": "1.2.122",
			"resolved": "https://registry.npmjs.org/@swc/core-linux-arm-gnueabihf/-/core-linux-arm-gnueabihf-1.2.122.tgz",
			"integrity": "sha512-mnjv3lQ/ll+81RycGzZ2Q3yekLpE0Q72PTL5jY0lQJYRjFO8g7N2/dEH3Emg2zZROsPvtqTq/gpSKGjm8zgK2w==",
			"dev": true,
			"optional": true
		},
		"@swc/core-linux-arm64-gnu": {
			"version": "1.2.122",
			"resolved": "https://registry.npmjs.org/@swc/core-linux-arm64-gnu/-/core-linux-arm64-gnu-1.2.122.tgz",
			"integrity": "sha512-N0r8apHARxRGxmrcynceFYJ+Pvq6g5WNfeAVV5/7Q7zu8BQP2TxySTtcRp43F679zgp01tMqj7z8rgdBJFyr5g==",
			"dev": true,
			"optional": true
		},
		"@swc/core-linux-arm64-musl": {
			"version": "1.2.122",
			"resolved": "https://registry.npmjs.org/@swc/core-linux-arm64-musl/-/core-linux-arm64-musl-1.2.122.tgz",
			"integrity": "sha512-JydKXnVqlqvpg63msN8lMN1/NIuedZ85qoIhbY5pb3kndSSLUOsxcPmz8QxLK0VLg9tm00bz+j42TUOIusXQUg==",
			"dev": true,
			"optional": true
		},
		"@swc/core-linux-x64-gnu": {
			"version": "1.2.122",
			"resolved": "https://registry.npmjs.org/@swc/core-linux-x64-gnu/-/core-linux-x64-gnu-1.2.122.tgz",
			"integrity": "sha512-W9eZsD0vHgTdVbwSS2Ec2cfXjmOW5O+tgAqPHo4P8EBegloI81F/WaxPhB6GDgHSVn2Fm/eBx+9ON0syeMv5Mg==",
			"dev": true,
			"optional": true
		},
		"@swc/core-linux-x64-musl": {
			"version": "1.2.122",
			"resolved": "https://registry.npmjs.org/@swc/core-linux-x64-musl/-/core-linux-x64-musl-1.2.122.tgz",
			"integrity": "sha512-MQ5mAFlP/bjYTooRRByQuZff6Qa3v8sfeZOHWpl+vdHRPJ4o7TFtO7L1QgFbVwAL8JuqVOhMw5zuCFSKxxflrQ==",
			"dev": true,
			"optional": true
		},
		"@swc/core-win32-arm64-msvc": {
			"version": "1.2.122",
			"resolved": "https://registry.npmjs.org/@swc/core-win32-arm64-msvc/-/core-win32-arm64-msvc-1.2.122.tgz",
			"integrity": "sha512-qfW7fSTBfnMDo1J4NoQqhrNVKoFu0FzqyMCC+BE3bj/uqTCzpj+5H5YNuyB5mtQiJ6OCSk4rRb/tQE/PpjP/5w==",
			"dev": true,
			"optional": true
		},
		"@swc/core-win32-ia32-msvc": {
			"version": "1.2.122",
			"resolved": "https://registry.npmjs.org/@swc/core-win32-ia32-msvc/-/core-win32-ia32-msvc-1.2.122.tgz",
			"integrity": "sha512-RAh9G7xu7NTTqLCRM7jjWgIPQISeCjvOwq/+J3/g5C7X0cMO83w7YupXG9DFygQsJ6bHOUdZvv+VgvqhW9NDoA==",
			"dev": true,
			"optional": true
		},
		"@swc/core-win32-x64-msvc": {
			"version": "1.2.122",
			"resolved": "https://registry.npmjs.org/@swc/core-win32-x64-msvc/-/core-win32-x64-msvc-1.2.122.tgz",
			"integrity": "sha512-I5JRLXylN54Ag9ow9WRxSui9EbLX655m9EoF3D/lsAwfmnM/AIfsxyBGURHyFwbd8SIIQkRxx9n/dAfi/Wk6dA==",
			"dev": true,
			"optional": true
		},
		"braces": {
			"version": "3.0.2",
			"resolved": "https://registry.npmjs.org/braces/-/braces-3.0.2.tgz",
			"integrity": "sha512-b8um+L1RzM3WDSzvhm6gIz1yfTbBt6YTlcEKAvsmqCZZFw46z626lVj9j1yEPW33H5H+lBQpZMP1k8l+78Ha0A==",
			"dev": true,
			"requires": {
				"fill-range": "^7.0.1"
			}
		},
		"commander": {
			"version": "7.2.0",
			"resolved": "https://registry.npmjs.org/commander/-/commander-7.2.0.tgz",
			"integrity": "sha512-QrWXB+ZQSVPmIWIhtEO9H+gwHaMGYiF5ChvoJ+K9ZGHG/sVsa6yiesAD1GC/x46sET00Xlwo1u49RVVVzvcSkw==",
			"dev": true
		},
		"fast-glob": {
			"version": "3.2.7",
			"resolved": "https://registry.npmjs.org/fast-glob/-/fast-glob-3.2.7.tgz",
			"integrity": "sha512-rYGMRwip6lUMvYD3BTScMwT1HtAs2d71SMv66Vrxs0IekGZEjhM0pcMfjQPnknBt2zeCwQMEupiN02ZP4DiT1Q==",
			"dev": true,
			"requires": {
				"@nodelib/fs.stat": "^2.0.2",
				"@nodelib/fs.walk": "^1.2.3",
				"glob-parent": "^5.1.2",
				"merge2": "^1.3.0",
				"micromatch": "^4.0.4"
			}
		},
		"fastq": {
			"version": "1.13.0",
			"resolved": "https://registry.npmjs.org/fastq/-/fastq-1.13.0.tgz",
			"integrity": "sha512-YpkpUnK8od0o1hmeSc7UUs/eB/vIPWJYjKck2QKIzAf71Vm1AAQ3EbuZB3g2JIy+pg+ERD0vqI79KyZiB2e2Nw==",
			"dev": true,
			"requires": {
				"reusify": "^1.0.4"
			}
		},
		"fill-range": {
			"version": "7.0.1",
			"resolved": "https://registry.npmjs.org/fill-range/-/fill-range-7.0.1.tgz",
			"integrity": "sha512-qOo9F+dMUmC2Lcb4BbVvnKJxTPjCm+RRpe4gDuGrzkL7mEVl/djYSu2OdQ2Pa302N4oqkSg9ir6jaLWJ2USVpQ==",
			"dev": true,
			"requires": {
				"to-regex-range": "^5.0.1"
			}
		},
		"glob-parent": {
			"version": "5.1.2",
			"resolved": "https://registry.npmjs.org/glob-parent/-/glob-parent-5.1.2.tgz",
			"integrity": "sha512-AOIgSQCepiJYwP3ARnGx+5VnTu2HBYdzbGP45eLw1vr3zB3vZLeyed1sC9hnbcOc9/SrMyM5RPQrkGz4aS9Zow==",
			"dev": true,
			"requires": {
				"is-glob": "^4.0.1"
			}
		},
		"is-extglob": {
			"version": "2.1.1",
			"resolved": "https://registry.npmjs.org/is-extglob/-/is-extglob-2.1.1.tgz",
			"integrity": "sha1-qIwCU1eR8C7TfHahueqXc8gz+MI=",
			"dev": true
		},
		"is-glob": {
			"version": "4.0.3",
			"resolved": "https://registry.npmjs.org/is-glob/-/is-glob-4.0.3.tgz",
			"integrity": "sha512-xelSayHH36ZgE7ZWhli7pW34hNbNl8Ojv5KVmkJD4hBdD3th8Tfk9vYasLM+mXWOZhFkgZfxhLSnrwRr4elSSg==",
			"dev": true,
			"requires": {
				"is-extglob": "^2.1.1"
			}
		},
		"is-number": {
			"version": "7.0.0",
			"resolved": "https://registry.npmjs.org/is-number/-/is-number-7.0.0.tgz",
			"integrity": "sha512-41Cifkg6e8TylSpdtTpeLVMqvSBEVzTttHvERD741+pnZ8ANv0004MRL43QKPDlK9cGvNp6NZWZUBlbGXYxxng==",
			"dev": true
		},
		"merge2": {
			"version": "1.4.1",
			"resolved": "https://registry.npmjs.org/merge2/-/merge2-1.4.1.tgz",
			"integrity": "sha512-8q7VEgMJW4J8tcfVPy8g09NcQwZdbwFEqhe/WZkoIzjn/3TGDwtOCYtXGxA3O8tPzpczCCDgv+P2P5y00ZJOOg==",
			"dev": true
		},
		"micromatch": {
			"version": "4.0.4",
			"resolved": "https://registry.npmjs.org/micromatch/-/micromatch-4.0.4.tgz",
			"integrity": "sha512-pRmzw/XUcwXGpD9aI9q/0XOwLNygjETJ8y0ao0wdqprrzDa4YnxLcz7fQRZr8voh8V10kGhABbNcHVk5wHgWwg==",
			"dev": true,
			"requires": {
				"braces": "^3.0.1",
				"picomatch": "^2.2.3"
			}
		},
		"picomatch": {
			"version": "2.3.0",
			"resolved": "https://registry.npmjs.org/picomatch/-/picomatch-2.3.0.tgz",
			"integrity": "sha512-lY1Q/PiJGC2zOv/z391WOTD+Z02bCgsFfvxoXXf6h7kv9o+WmsmzYqrAwY63sNgOxE4xEdq0WyUnXfKeBrSvYw==",
			"dev": true
		},
		"queue-microtask": {
			"version": "1.2.3",
			"resolved": "https://registry.npmjs.org/queue-microtask/-/queue-microtask-1.2.3.tgz",
			"integrity": "sha512-NuaNSa6flKT5JaSYQzJok04JzTL1CA6aGhv5rfLW3PgqA+M2ChpZQnAC8h8i4ZFkBS8X5RqkDBHA7r4hej3K9A==",
			"dev": true
		},
		"reusify": {
			"version": "1.0.4",
			"resolved": "https://registry.npmjs.org/reusify/-/reusify-1.0.4.tgz",
			"integrity": "sha512-U9nH88a3fc/ekCF1l0/UP1IosiuIjyTh7hBvXVMHYgVcfGvt897Xguj2UOLDeI5BG2m7/uwyaLVT6fbtCwTyzw==",
			"dev": true
		},
		"run-parallel": {
			"version": "1.2.0",
			"resolved": "https://registry.npmjs.org/run-parallel/-/run-parallel-1.2.0.tgz",
			"integrity": "sha512-5l4VyZR86LZ/lDxZTR6jqL8AFE2S0IFLMP26AbjsLVADxHdhB/c0GUsH+y39UfCi3dzz8OlQuPmnaJOMoDHQBA==",
			"dev": true,
			"requires": {
				"queue-microtask": "^1.2.2"
			}
		},
		"slash": {
			"version": "3.0.0",
			"resolved": "https://registry.npmjs.org/slash/-/slash-3.0.0.tgz",
			"integrity": "sha512-g9Q1haeby36OSStwb4ntCGGGaKsaVSjQ68fBxoQcutl5fS1vuY18H3wSt3jFyFtrkx+Kz0V1G85A4MyAdDMi2Q==",
			"dev": true
		},
		"source-map": {
			"version": "0.7.3",
			"resolved": "https://registry.npmjs.org/source-map/-/source-map-0.7.3.tgz",
			"integrity": "sha512-CkCj6giN3S+n9qrYiBTX5gystlENnRW5jZeNLHpe6aue+SrHcG5VYwujhW9s4dY31mEGsxBDrHR6oI69fTXsaQ==",
			"dev": true
		},
		"to-regex-range": {
			"version": "5.0.1",
			"resolved": "https://registry.npmjs.org/to-regex-range/-/to-regex-range-5.0.1.tgz",
			"integrity": "sha512-65P7iz6X5yEr1cwcgvQxbbIw7Uk3gOy5dIdtZ4rDveLqhrdJP+Li/Hx6tyK0NEb+2GCyneCMJiGqrADCSNk8sQ==",
			"dev": true,
			"requires": {
				"is-number": "^7.0.0"
			}
		}
	}
}
